
Microsoft Visual Studio Solution File, Format Version 12.00
# Visual Studio Version 17
VisualStudioVersion = 17.0.31903.59
MinimumVisualStudioVersion = 10.0.40219.1
Project("{2150E333-8FDC-42A3-9474-1A3956D46DE8}") = "src", "src", "{827E0CD3-B72D-47B6-A68D-7590B98EB39B}"
EndProject
Project("{FAE04EC0-301F-11D3-BF4B-00C04F79EFBC}") = "FootballStats.Api", "src\FootballStats.Api\FootballStats.Api.csproj", "{6BB65119-7D32-40F8-8BBF-A315B7E1AC6A}"
EndProject
Project("{FAE04EC0-301F-11D3-BF4B-00C04F79EFBC}") = "FootballStats.UnitTests", "tests\FootballStats.UnitTests\FootballStats.UnitTests.csproj", "{43430739-2C3B-4656-8691-5CEBE82BB57B}"
EndProject
Project("{FAE04EC0-301F-11D3-BF4B-00C04F79EFBC}") = "FootballStats.IntegrationTests", "tests\FootballStats.IntegrationTests\FootballStats.IntegrationTests.csproj", "{12108D62-0F14-4275-A625-1AD55AB5CD08}"
EndProject
Global
	GlobalSection(SolutionConfigurationPlatforms) = preSolution
		Debug|Any CPU = Debug|Any CPU
		Debug|x64 = Debug|x64
		Debug|x86 = Debug|x86
		Release|Any CPU = Release|Any CPU
		Release|x64 = Release|x64
		Release|x86 = Release|x86
	EndGlobalSection
	GlobalSection(ProjectConfigurationPlatforms) = postSolution
		{6BB65119-7D32-40F8-8BBF-A315B7E1AC6A}.Debug|Any CPU.ActiveCfg = Debug|Any CPU
		{6BB65119-7D32-40F8-8BBF-A315B7E1AC6A}.Debug|Any CPU.Build.0 = Debug|Any CPU
		{6BB65119-7D32-40F8-8BBF-A315B7E1AC6A}.Debug|x64.ActiveCfg = Debug|Any CPU
		{6BB65119-7D32-40F8-8BBF-A315B7E1AC6A}.Debug|x64.Build.0 = Debug|Any CPU
		{6BB65119-7D32-40F8-8BBF-A315B7E1AC6A}.Debug|x86.ActiveCfg = Debug|Any CPU
		{6BB65119-7D32-40F8-8BBF-A315B7E1AC6A}.Debug|x86.Build.0 = Debug|Any CPU
		{6BB65119-7D32-40F8-8BBF-A315B7E1AC6A}.Release|Any CPU.ActiveCfg = Release|Any CPU
		{6BB65119-7D32-40F8-8BBF-A315B7E1AC6A}.Release|Any CPU.Build.0 = Release|Any CPU
		{6BB65119-7D32-40F8-8BBF-A315B7E1AC6A}.Release|x64.ActiveCfg = Release|Any CPU
		{6BB65119-7D32-40F8-8BBF-A315B7E1AC6A}.Release|x64.Build.0 = Release|Any CPU
		{6BB65119-7D32-40F8-8BBF-A315B7E1AC6A}.Release|x86.ActiveCfg = Release|Any CPU
		{6BB65119-7D32-40F8-8BBF-A315B7E1AC6A}.Release|x86.Build.0 = Release|Any CPU
		{43430739-2C3B-4656-8691-5CEBE82BB57B}.Debug|Any CPU.ActiveCfg = Debug|Any CPU
		{43430739-2C3B-4656-8691-5CEBE82BB57B}.Debug|Any CPU.Build.0 = Debug|Any CPU
		{43430739-2C3B-4656-8691-5CEBE82BB57B}.Debug|x64.ActiveCfg = Debug|Any CPU
		{43430739-2C3B-4656-8691-5CEBE82BB57B}.Debug|x64.Build.0 = Debug|Any CPU
		{43430739-2C3B-4656-8691-5CEBE82BB57B}.Debug|x86.ActiveCfg = Debug|Any CPU
		{43430739-2C3B-4656-8691-5CEBE82BB57B}.Debug|x86.Build.0 = Debug|Any CPU
		{43430739-2C3B-4656-8691-5CEBE82BB57B}.Release|Any CPU.ActiveCfg = Release|Any CPU
		{43430739-2C3B-4656-8691-5CEBE82BB57B}.Release|Any CPU.Build.0 = Release|Any CPU
		{43430739-2C3B-4656-8691-5CEBE82BB57B}.Release|x64.ActiveCfg = Release|Any CPU
		{43430739-2C3B-4656-8691-5CEBE82BB57B}.Release|x64.Build.0 = Release|Any CPU
		{43430739-2C3B-4656-8691-5CEBE82BB57B}.Release|x86.ActiveCfg = Release|Any CPU
		{43430739-2C3B-4656-8691-5CEBE82BB57B}.Release|x86.Build.0 = Release|Any CPU
		{12108D62-0F14-4275-A625-1AD55AB5CD08}.Debug|Any CPU.ActiveCfg = Debug|Any CPU
		{12108D62-0F14-4275-A625-1AD55AB5CD08}.Debug|Any CPU.Build.0 = Debug|Any CPU
		{12108D62-0F14-4275-A625-1AD55AB5CD08}.Debug|x64.ActiveCfg = Debug|Any CPU
		{12108D62-0F14-4275-A625-1AD55AB5CD08}.Debug|x64.Build.0 = Debug|Any CPU
		{12108D62-0F14-4275-A625-1AD55AB5CD08}.Debug|x86.ActiveCfg = Debug|Any CPU
		{12108D62-0F14-4275-A625-1AD55AB5CD08}.Debug|x86.Build.0 = Debug|Any CPU
		{12108D62-0F14-4275-A625-1AD55AB5CD08}.Release|Any CPU.ActiveCfg = Release|Any CPU
		{12108D62-0F14-4275-A625-1AD55AB5CD08}.Release|Any CPU.Build.0 = Release|Any CPU
		{12108D62-0F14-4275-A625-1AD55AB5CD08}.Release|x64.ActiveCfg = Release|Any CPU
		{12108D62-0F14-4275-A625-1AD55AB5CD08}.Release|x64.Build.0 = Release|Any CPU
		{12108D62-0F14-4275-A625-1AD55AB5CD08}.Release|x86.ActiveCfg = Release|Any CPU
		{12108D62-0F14-4275-A625-1AD55AB5CD08}.Release|x86.Build.0 = Release|Any CPU
	EndGlobalSection
	GlobalSection(SolutionProperties) = preSolution
		HideSolutionNode = FALSE
	EndGlobalSection
	GlobalSection(NestedProjects) = preSolution
		{6BB65119-7D32-40F8-8BBF-A315B7E1AC6A} = {827E0CD3-B72D-47B6-A68D-7590B98EB39B}
		{43430739-2C3B-4656-8691-5CEBE82BB57B} = {827E0CD3-B72D-47B6-A68D-7590B98EB39B}
		{12108D62-0F14-4275-A625-1AD55AB5CD08} = {827E0CD3-B72D-47B6-A68D-7590B98EB39B}
	EndGlobalSection
EndGlobal
